Microsoft Visual Studio Solution File, Format Version 11.00
# Visual Studio 2008

Project("{B75C9BF2-0A57-A79D-22A1-A61D414F048D}") = "thedoor", "Assembly-CSharp-firstpass.csproj", "{9B47E00A-6C5B-AF65-950E-C33428F9ABB4}"
EndProject
Project("{B75C9BF2-0A57-A79D-22A1-A61D414F048D}") = "thedoor", "Assembly-CSharp.csproj", "{B8168AEE-B0F2-9805-BAE9-3D029C8EB132}"
EndProject
Project("{B75C9BF2-0A57-A79D-22A1-A61D414F048D}") = "thedoor", "Assembly-CSharp-Editor.csproj", "{4C590E58-0A14-A4F3-3941-9DE3244EDD92}"
EndProject
Global
	GlobalSection(SolutionConfigurationPlatforms) = preSolution
		Debug|Any CPU = Debug|Any CPU
		Release|Any CPU = Release|Any CPU
	EndGlobalSection
	GlobalSection(ProjectConfigurationPlatforms) = postSolution
		{9B47E00A-6C5B-AF65-950E-C33428F9ABB4}.Debug|Any CPU.ActiveCfg = Debug|Any CPU
		{9B47E00A-6C5B-AF65-950E-C33428F9ABB4}.Debug|Any CPU.Build.0 = Debug|Any CPU
		{9B47E00A-6C5B-AF65-950E-C33428F9ABB4}.Release|Any CPU.ActiveCfg = Release|Any CPU
		{9B47E00A-6C5B-AF65-950E-C33428F9ABB4}.Release|Any CPU.Build.0 = Release|Any CPU
		{B8168AEE-B0F2-9805-BAE9-3D029C8EB132}.Debug|Any CPU.ActiveCfg = Debug|Any CPU
		{B8168AEE-B0F2-9805-BAE9-3D029C8EB132}.Debug|Any CPU.Build.0 = Debug|Any CPU
		{B8168AEE-B0F2-9805-BAE9-3D029C8EB132}.Release|Any CPU.ActiveCfg = Release|Any CPU
		{B8168AEE-B0F2-9805-BAE9-3D029C8EB132}.Release|Any CPU.Build.0 = Release|Any CPU
		{4C590E58-0A14-A4F3-3941-9DE3244EDD92}.Debug|Any CPU.ActiveCfg = Debug|Any CPU
		{4C590E58-0A14-A4F3-3941-9DE3244EDD92}.Debug|Any CPU.Build.0 = Debug|Any CPU
		{4C590E58-0A14-A4F3-3941-9DE3244EDD92}.Release|Any CPU.ActiveCfg = Release|Any CPU
		{4C590E58-0A14-A4F3-3941-9DE3244EDD92}.Release|Any CPU.Build.0 = Release|Any CPU
	EndGlobalSection
	GlobalSection(SolutionProperties) = preSolution
		HideSolutionNode = FALSE
	EndGlobalSection
																																																																																																																																																																																																																																																																																																																																																																																																																																																																																																																																																											GlobalSection(MonoDevelopProperties) = preSolution
=======
																																																																																																																																																																																																																																																																																																																																																																																																																																																																																																																																															GlobalSection(MonoDevelopProperties) = preSolution
>>>>>>> 56df3aca8de84267450ac93bf6d8cdd1e04bea95
		StartupItem = Assembly-CSharp.csproj
		Policies = $0
		$0.TextStylePolicy = $1
		$1.inheritsSet = null
		$1.scope = text/x-csharp
		$0.CSharpFormattingPolicy = $2
		$2.inheritsSet = Mono
		$2.inheritsScope = text/x-csharp
		$2.scope = text/x-csharp
		$0.TextStylePolicy = $3
		$3.FileWidth = 120
		$3.TabWidth = 4
		$3.EolMarker = Unix
		$3.inheritsSet = Mono
		$3.inheritsScope = text/plain
		$3.scope = text/plain
	EndGlobalSection

EndGlobal
